// !$*UTF8*$!
{
	archiveVersion = 1;
	classes = {
	};
	objectVersion = 55;
	objects = {

/* Begin PBXBuildFile section */
		AD124131271DBF5D00A7EECF /* AppDelegate.swift in Sources */ = {isa = PBXBuildFile; fileRef = AD124130271DBF5D00A7EECF /* AppDelegate.swift */; };
		AD124133271DBF5D00A7EECF /* SceneDelegate.swift in Sources */ = {isa = PBXBuildFile; fileRef = AD124132271DBF5D00A7EECF /* SceneDelegate.swift */; };
		AD124135271DBF5D00A7EECF /* ViewController.swift in Sources */ = {isa = PBXBuildFile; fileRef = AD124134271DBF5D00A7EECF /* ViewController.swift */; };
		AD124138271DBF5D00A7EECF /* Main.storyboard in Resources */ = {isa = PBXBuildFile; fileRef = AD124136271DBF5D00A7EECF /* Main.storyboard */; };
		AD12413A271DBF6100A7EECF /* Assets.xcassets in Resources */ = {isa = PBXBuildFile; fileRef = AD124139271DBF6100A7EECF /* Assets.xcassets */; };
		AD12413D271DBF6100A7EECF /* LaunchScreen.storyboard in Resources */ = {isa = PBXBuildFile; fileRef = AD12413B271DBF6100A7EECF /* LaunchScreen.storyboard */; };
		AD12414A271DC27400A7EECF /* WeatherTableViewCell.swift in Sources */ = {isa = PBXBuildFile; fileRef = AD124148271DC27400A7EECF /* WeatherTableViewCell.swift */; };
		AD12414B271DC27400A7EECF /* WeatherTableViewCell.xib in Resources */ = {isa = PBXBuildFile; fileRef = AD124149271DC27400A7EECF /* WeatherTableViewCell.xib */; };
		AD12414E271DC29900A7EECF /* HourlyTableViewCell.swift in Sources */ = {isa = PBXBuildFile; fileRef = AD12414C271DC29900A7EECF /* HourlyTableViewCell.swift */; };
		AD12414F271DC29900A7EECF /* HourlyTableViewCell.xib in Resources */ = {isa = PBXBuildFile; fileRef = AD12414D271DC29900A7EECF /* HourlyTableViewCell.xib */; };
/* End PBXBuildFile section */

/* Begin PBXFileReference section */
		AD12412D271DBF5D00A7EECF /* SB-MyWeather.app */ = {isa = PBXFileReference; explicitFileType = wrapper.application; includeInIndex = 0; path = "SB-MyWeather.app"; sourceTree = BUILT_PRODUCTS_DIR; };
		AD124130271DBF5D00A7EECF /* AppDelegate.swift */ = {isa = PBXFileReference; lastKnownFileType = sourcecode.swift; path = AppDelegate.swift; sourceTree = "<group>"; };
		AD124132271DBF5D00A7EECF /* SceneDelegate.swift */ = {isa = PBXFileReference; lastKnownFileType = sourcecode.swift; path = SceneDelegate.swift; sourceTree = "<group>"; };
		AD124134271DBF5D00A7EECF /* ViewController.swift */ = {isa = PBXFileReference; lastKnownFileType = sourcecode.swift; path = ViewController.swift; sourceTree = "<group>"; };
		AD124137271DBF5D00A7EECF /* Base */ = {isa = PBXFileReference; lastKnownFileType = file.storyboard; name = Base; path = Base.lproj/Main.storyboard; sourceTree = "<group>"; };
		AD124139271DBF6100A7EECF /* Assets.xcassets */ = {isa = PBXFileReference; lastKnownFileType = folder.assetcatalog; path = Assets.xcassets; sourceTree = "<group>"; };
		AD12413C271DBF6100A7EECF /* Base */ = {isa = PBXFileReference; lastKnownFileType = file.storyboard; name = Base; path = Base.lproj/LaunchScreen.storyboard; sourceTree = "<group>"; };
		AD12413E271DBF6100A7EECF /* Info.plist */ = {isa = PBXFileReference; lastKnownFileType = text.plist.xml; path = Info.plist; sourceTree = "<group>"; };
		AD124148271DC27400A7EECF /* WeatherTableViewCell.swift */ = {isa = PBXFileReference; lastKnownFileType = sourcecode.swift; path = WeatherTableViewCell.swift; sourceTree = "<group>"; };
		AD124149271DC27400A7EECF /* WeatherTableViewCell.xib */ = {isa = PBXFileReference; lastKnownFileType = file.xib; path = WeatherTableViewCell.xib; sourceTree = "<group>"; };
		AD12414C271DC29900A7EECF /* HourlyTableViewCell.swift */ = {isa = PBXFileReference; lastKnownFileType = sourcecode.swift; path = HourlyTableViewCell.swift; sourceTree = "<group>"; };
		AD12414D271DC29900A7EECF /* HourlyTableViewCell.xib */ = {isa = PBXFileReference; lastKnownFileType = file.xib; path = HourlyTableViewCell.xib; sourceTree = "<group>"; };
/* End PBXFileReference section */

/* Begin PBXFrameworksBuildPhase section */
		AD12412A271DBF5D00A7EECF /* Frameworks */ = {
			isa = PBXFrameworksBuildPhase;
			buildActionMask = 2147483647;
			files = (
			);
			runOnlyForDeploymentPostprocessing = 0;
		};
/* End PBXFrameworksBuildPhase section */

/* Begin PBXGroup section */
		AD124124271DBF5D00A7EECF = {
			isa = PBXGroup;
			children = (
				AD12412F271DBF5D00A7EECF /* SB-MyWeather */,
				AD12412E271DBF5D00A7EECF /* Products */,
			);
			sourceTree = "<group>";
		};
		AD12412E271DBF5D00A7EECF /* Products */ = {
			isa = PBXGroup;
			children = (
				AD12412D271DBF5D00A7EECF /* SB-MyWeather.app */,
			);
			name = Products;
			sourceTree = "<group>";
		};
		AD12412F271DBF5D00A7EECF /* SB-MyWeather */ = {
			isa = PBXGroup;
			children = (
				AD124145271DC1FC00A7EECF /* HourlyCollectionCell */,
				AD124144271DC1EC00A7EECF /* WeatherCell */,
				AD124130271DBF5D00A7EECF /* AppDelegate.swift */,
				AD124132271DBF5D00A7EECF /* SceneDelegate.swift */,
				AD124134271DBF5D00A7EECF /* ViewController.swift */,
				AD124136271DBF5D00A7EECF /* Main.storyboard */,
				AD124139271DBF6100A7EECF /* Assets.xcassets */,
				AD12413B271DBF6100A7EECF /* LaunchScreen.storyboard */,
				AD12413E271DBF6100A7EECF /* Info.plist */,
			);
			path = "SB-MyWeather";
			sourceTree = "<group>";
		};
		AD124144271DC1EC00A7EECF /* WeatherCell */ = {
			isa = PBXGroup;
			children = (
				AD124148271DC27400A7EECF /* WeatherTableViewCell.swift */,
				AD124149271DC27400A7EECF /* WeatherTableViewCell.xib */,
			);
			path = WeatherCell;
			sourceTree = "<group>";
		};
		AD124145271DC1FC00A7EECF /* HourlyCollectionCell */ = {
			isa = PBXGroup;
			children = (
				AD12414C271DC29900A7EECF /* HourlyTableViewCell.swift */,
				AD12414D271DC29900A7EECF /* HourlyTableViewCell.xib */,
			);
			path = HourlyCollectionCell;
			sourceTree = "<group>";
		};
/* End PBXGroup section */

/* Begin PBXNativeTarget section */
		AD12412C271DBF5D00A7EECF /* SB-MyWeather */ = {
			isa = PBXNativeTarget;
			buildConfigurationList = AD124141271DBF6100A7EECF /* Build configuration list for PBXNativeTarget "SB-MyWeather" */;
			buildPhases = (
				AD124129271DBF5D00A7EECF /* Sources */,
				AD12412A271DBF5D00A7EECF /* Frameworks */,
				AD12412B271DBF5D00A7EECF /* Resources */,
			);
			buildRules = (
			);
			dependencies = (
			);
			name = "SB-MyWeather";
			productName = "SB-MyWeather";
			productReference = AD12412D271DBF5D00A7EECF /* SB-MyWeather.app */;
			productType = "com.apple.product-type.application";
		};
/* End PBXNativeTarget section */

/* Begin PBXProject section */
		AD124125271DBF5D00A7EECF /* Project object */ = {
			isa = PBXProject;
			attributes = {
				BuildIndependentTargetsInParallel = 1;
				LastSwiftUpdateCheck = 1300;
				LastUpgradeCheck = 1300;
				TargetAttributes = {
					AD12412C271DBF5D00A7EECF = {
						CreatedOnToolsVersion = 13.0;
					};
				};
			};
			buildConfigurationList = AD124128271DBF5D00A7EECF /* Build configuration list for PBXProject "SB-MyWeather" */;
			compatibilityVersion = "Xcode 13.0";
			developmentRegion = en;
			hasScannedForEncodings = 0;
			knownRegions = (
				en,
				Base,
			);
			mainGroup = AD124124271DBF5D00A7EECF;
			productRefGroup = AD12412E271DBF5D00A7EECF /* Products */;
			projectDirPath = "";
			projectRoot = "";
			targets = (
				AD12412C271DBF5D00A7EECF /* SB-MyWeather */,
			);
		};
/* End PBXProject section */

/* Begin PBXResourcesBuildPhase section */
		AD12412B271DBF5D00A7EECF /* Resources */ = {
			isa = PBXResourcesBuildPhase;
			buildActionMask = 2147483647;
			files = (
				AD12414B271DC27400A7EECF /* WeatherTableViewCell.xib in Resources */,
				AD12414F271DC29900A7EECF /* HourlyTableViewCell.xib in Resources */,
				AD12413D271DBF6100A7EECF /* LaunchScreen.storyboard in Resources */,
				AD12413A271DBF6100A7EECF /* Assets.xcassets in Resources */,
				AD124138271DBF5D00A7EECF /* Main.storyboard in Resources */,
			);
			runOnlyForDeploymentPostprocessing = 0;
		};
/* End PBXResourcesBuildPhase section */

/* Begin PBXSourcesBuildPhase section */
		AD124129271DBF5D00A7EECF /* Sources */ = {
			isa = PBXSourcesBuildPhase;
			buildActionMask = 2147483647;
			files = (
				AD12414A271DC27400A7EECF /* WeatherTableViewCell.swift in Sources */,
				AD124135271DBF5D00A7EECF /* ViewController.swift in Sources */,
				AD12414E271DC29900A7EECF /* HourlyTableViewCell.swift in Sources */,
				AD124131271DBF5D00A7EECF /* AppDelegate.swift in Sources */,
				AD124133271DBF5D00A7EECF /* SceneDelegate.swift in Sources */,
			);
			runOnlyForDeploymentPostprocessing = 0;
		};
/* End PBXSourcesBuildPhase section */

/* Begin PBXVariantGroup section */
		AD124136271DBF5D00A7EECF /* Main.storyboard */ = {
			isa = PBXVariantGroup;
			children = (
				AD124137271DBF5D00A7EECF /* Base */,
			);
			name = Main.storyboard;
			sourceTree = "<group>";
		};
		AD12413B271DBF6100A7EECF /* LaunchScreen.storyboard */ = {
			isa = PBXVariantGroup;
			children = (
				AD12413C271DBF6100A7EECF /* Base */,
			);
			name = LaunchScreen.storyboard;
			sourceTree = "<group>";
		};
/* End PBXVariantGroup section */

/* Begin XCBuildConfiguration section */
		AD12413F271DBF6100A7EECF /* Debug */ = {
			isa = XCBuildConfiguration;
			buildSettings = {
				ALWAYS_SEARCH_USER_PATHS = NO;
				CLANG_ANALYZER_NONNULL = YES;
				CLANG_ANALYZER_NUMBER_OBJECT_CONVERSION = YES_AGGRESSIVE;
				CLANG_CXX_LANGUAGE_STANDARD = "gnu++17";
				CLANG_CXX_LIBRARY = "libc++";
				CLANG_ENABLE_MODULES = YES;
				CLANG_ENABLE_OBJC_ARC = YES;
				CLANG_ENABLE_OBJC_WEAK = YES;
				CLANG_WARN_BLOCK_CAPTURE_AUTORELEASING = YES;
				CLANG_WARN_BOOL_CONVERSION = YES;
				CLANG_WARN_COMMA = YES;
				CLANG_WARN_CONSTANT_CONVERSION = YES;
				CLANG_WARN_DEPRECATED_OBJC_IMPLEMENTATIONS = YES;
				CLANG_WARN_DIRECT_OBJC_ISA_USAGE = YES_ERROR;
				CLANG_WARN_DOCUMENTATION_COMMENTS = YES;
				CLANG_WARN_EMPTY_BODY = YES;
				CLANG_WARN_ENUM_CONVERSION = YES;
				CLANG_WARN_INFINITE_RECURSION = YES;
				CLANG_WARN_INT_CONVERSION = YES;
				CLANG_WARN_NON_LITERAL_NULL_CONVERSION = YES;
				CLANG_WARN_OBJC_IMPLICIT_RETAIN_SELF = YES;
				CLANG_WARN_OBJC_LITERAL_CONVERSION = YES;
				CLANG_WARN_OBJC_ROOT_CLASS = YES_ERROR;
				CLANG_WARN_QUOTED_INCLUDE_IN_FRAMEWORK_HEADER = YES;
				CLANG_WARN_RANGE_LOOP_ANALYSIS = YES;
				CLANG_WARN_STRICT_PROTOTYPES = YES;
				CLANG_WARN_SUSPICIOUS_MOVE = YES;
				CLANG_WARN_UNGUARDED_AVAILABILITY = YES_AGGRESSIVE;
				CLANG_WARN_UNREACHABLE_CODE = YES;
				CLANG_WARN__DUPLICATE_METHOD_MATCH = YES;
				COPY_PHASE_STRIP = NO;
				DEBUG_INFORMATION_FORMAT = dwarf;
				ENABLE_STRICT_OBJC_MSGSEND = YES;
				ENABLE_TESTABILITY = YES;
				GCC_C_LANGUAGE_STANDARD = gnu11;
				GCC_DYNAMIC_NO_PIC = NO;
				GCC_NO_COMMON_BLOCKS = YES;
				GCC_OPTIMIZATION_LEVEL = 0;
				GCC_PREPROCESSOR_DEFINITIONS = (
					"DEBUG=1",
					"$(inherited)",
				);
				GCC_WARN_64_TO_32_BIT_CONVERSION = YES;
				GCC_WARN_ABOUT_RETURN_TYPE = YES_ERROR;
				GCC_WARN_UNDECLARED_SELECTOR = YES;
				GCC_WARN_UNINITIALIZED_AUTOS = YES_AGGRESSIVE;
				GCC_WARN_UNUSED_FUNCTION = YES;
				GCC_WARN_UNUSED_VARIABLE = YES;
				IPHONEOS_DEPLOYMENT_TARGET = 15.0;
				MTL_ENABLE_DEBUG_INFO = INCLUDE_SOURCE;
				MTL_FAST_MATH = YES;
				ONLY_ACTIVE_ARCH = YES;
				SDKROOT = iphoneos;
				SWIFT_ACTIVE_COMPILATION_CONDITIONS = DEBUG;
				SWIFT_OPTIMIZATION_LEVEL = "-Onone";
			};
			name = Debug;
		};
		AD124140271DBF6100A7EECF /* Release */ = {
			isa = XCBuildConfiguration;
			buildSettings = {
				ALWAYS_SEARCH_USER_PATHS = NO;
				CLANG_ANALYZER_NONNULL = YES;
				CLANG_ANALYZER_NUMBER_OBJECT_CONVERSION = YES_AGGRESSIVE;
				CLANG_CXX_LANGUAGE_STANDARD = "gnu++17";
				CLANG_CXX_LIBRARY = "libc++";
				CLANG_ENABLE_MODULES = YES;
				CLANG_ENABLE_OBJC_ARC = YES;
				CLANG_ENABLE_OBJC_WEAK = YES;
				CLANG_WARN_BLOCK_CAPTURE_AUTORELEASING = YES;
				CLANG_WARN_BOOL_CONVERSION = YES;
				CLANG_WARN_COMMA = YES;
				CLANG_WARN_CONSTANT_CONVERSION = YES;
				CLANG_WARN_DEPRECATED_OBJC_IMPLEMENTATIONS = YES;
				CLANG_WARN_DIRECT_OBJC_ISA_USAGE = YES_ERROR;
				CLANG_WARN_DOCUMENTATION_COMMENTS = YES;
				CLANG_WARN_EMPTY_BODY = YES;
				CLANG_WARN_ENUM_CONVERSION = YES;
				CLANG_WARN_INFINITE_RECURSION = YES;
				CLANG_WARN_INT_CONVERSION = YES;
				CLANG_WARN_NON_LITERAL_NULL_CONVERSION = YES;
				CLANG_WARN_OBJC_IMPLICIT_RETAIN_SELF = YES;
				CLANG_WARN_OBJC_LITERAL_CONVERSION = YES;
				CLANG_WARN_OBJC_ROOT_CLASS = YES_ERROR;
				CLANG_WARN_QUOTED_INCLUDE_IN_FRAMEWORK_HEADER = YES;
				CLANG_WARN_RANGE_LOOP_ANALYSIS = YES;
				CLANG_WARN_STRICT_PROTOTYPES = YES;
				CLANG_WARN_SUSPICIOUS_MOVE = YES;
				CLANG_WARN_UNGUARDED_AVAILABILITY = YES_AGGRESSIVE;
				CLANG_WARN_UNREACHABLE_CODE = YES;
				CLANG_WARN__DUPLICATE_METHOD_MATCH = YES;
				COPY_PHASE_STRIP = NO;
				DEBUG_INFORMATION_FORMAT = "dwarf-with-dsym";
				ENABLE_NS_ASSERTIONS = NO;
				ENABLE_STRICT_OBJC_MSGSEND = YES;
				GCC_C_LANGUAGE_STANDARD = gnu11;
				GCC_NO_COMMON_BLOCKS = YES;
				GCC_WARN_64_TO_32_BIT_CONVERSION = YES;
				GCC_WARN_ABOUT_RETURN_TYPE = YES_ERROR;
				GCC_WARN_UNDECLARED_SELECTOR = YES;
				GCC_WARN_UNINITIALIZED_AUTOS = YES_AGGRESSIVE;
				GCC_WARN_UNUSED_FUNCTION = YES;
				GCC_WARN_UNUSED_VARIABLE = YES;
				IPHONEOS_DEPLOYMENT_TARGET = 15.0;
				MTL_ENABLE_DEBUG_INFO = NO;
				MTL_FAST_MATH = YES;
				SDKROOT = iphoneos;
				SWIFT_COMPILATION_MODE = wholemodule;
				SWIFT_OPTIMIZATION_LEVEL = "-O";
				VALIDATE_PRODUCT = YES;
			};
			name = Release;
		};
		AD124142271DBF6100A7EECF /* Debug */ = {
			isa = XCBuildConfiguration;
			buildSettings = {
				ASSETCATALOG_COMPILER_APPICON_NAME = AppIcon;
				ASSETCATALOG_COMPILER_GLOBAL_ACCENT_COLOR_NAME = AccentColor;
				CODE_SIGN_STYLE = Automatic;
				CURRENT_PROJECT_VERSION = 1;
				DEVELOPMENT_TEAM = P5G5J5RV2G;
				GENERATE_INFOPLIST_FILE = YES;
				INFOPLIST_FILE = "SB-MyWeather/Info.plist";
				INFOPLIST_KEY_UIApplicationSupportsIndirectInputEvents = YES;
				INFOPLIST_KEY_UILaunchStoryboardName = LaunchScreen;
				INFOPLIST_KEY_UIMainStoryboardFile = Main;
				INFOPLIST_KEY_UISupportedInterfaceOrientations_iPad = "UIInterfaceOrientationPortrait UIInterfaceOrientationPortraitUpsideDown UIInterfaceOrientationLandscapeLeft UIInterfaceOrientationLandscapeRight";
				INFOPLIST_KEY_UISupportedInterfaceOrientations_iPhone = "UIInterfaceOrientationPortrait UIInterfaceOrientationLandscapeLeft UIInterfaceOrientationLandscapeRight";
				LD_RUNPATH_SEARCH_PATHS = (
					"$(inherited)",
					"@executable_path/Frameworks",
				);
				MARKETING_VERSION = 1.0;
				PRODUCT_BUNDLE_IDENTIFIER = "com.tund.SB-MyWeather";
				PRODUCT_NAME = "$(TARGET_NAME)";
				SWIFT_EMIT_LOC_STRINGS = YES;
				SWIFT_VERSION = 5.0;
				TARGETED_DEVICE_FAMILY = "1,2";
			};
			name = Debug;
		};
		AD124143271DBF6100A7EECF /* Release */ = {
			isa = XCBuildConfiguration;
			buildSettings = {
				ASSETCATALOG_COMPILER_APPICON_NAME = AppIcon;
				ASSETCATALOG_COMPILER_GLOBAL_ACCENT_COLOR_NAME = AccentColor;
				CODE_SIGN_STYLE = Automatic;
				CURRENT_PROJECT_VERSION = 1;
				DEVELOPMENT_TEAM = P5G5J5RV2G;
				GENERATE_INFOPLIST_FILE = YES;
				INFOPLIST_FILE = "SB-MyWeather/Info.plist";
				INFOPLIST_KEY_UIApplicationSupportsIndirectInputEvents = YES;
				INFOPLIST_KEY_UILaunchStoryboardName = LaunchScreen;
				INFOPLIST_KEY_UIMainStoryboardFile = Main;
				INFOPLIST_KEY_UISupportedInterfaceOrientations_iPad = "UIInterfaceOrientationPortrait UIInterfaceOrientationPortraitUpsideDown UIInterfaceOrientationLandscapeLeft UIInterfaceOrientationLandscapeRight";
				INFOPLIST_KEY_UISupportedInterfaceOrientations_iPhone = "UIInterfaceOrientationPortrait UIInterfaceOrientationLandscapeLeft UIInterfaceOrientationLandscapeRight";
				LD_RUNPATH_SEARCH_PATHS = (
					"$(inherited)",
					"@executable_path/Frameworks",
				);
				MARKETING_VERSION = 1.0;
				PRODUCT_BUNDLE_IDENTIFIER = "com.tund.SB-MyWeather";
				PRODUCT_NAME = "$(TARGET_NAME)";
				SWIFT_EMIT_LOC_STRINGS = YES;
				SWIFT_VERSION = 5.0;
				TARGETED_DEVICE_FAMILY = "1,2";
			};
			name = Release;
		};
/* End XCBuildConfiguration section */

/* Begin XCConfigurationList section */
		AD124128271DBF5D00A7EECF /* Build configuration list for PBXProject "SB-MyWeather" */ = {
			isa = XCConfigurationList;
			buildConfigurations = (
				AD12413F271DBF6100A7EECF /* Debug */,
				AD124140271DBF6100A7EECF /* Release */,
			);
			defaultConfigurationIsVisible = 0;
			defaultConfigurationName = Release;
		};
		AD124141271DBF6100A7EECF /* Build configuration list for PBXNativeTarget "SB-MyWeather" */ = {
			isa = XCConfigurationList;
			buildConfigurations = (
				AD124142271DBF6100A7EECF /* Debug */,
				AD124143271DBF6100A7EECF /* Release */,
			);
			defaultConfigurationIsVisible = 0;
			defaultConfigurationName = Release;
		};
/* End XCConfigurationList section */
	};
	rootObject = AD124125271DBF5D00A7EECF /* Project object */;
}
